
Microsoft Visual Studio Solution File, Format Version 12.00
# Visual Studio Version 17
VisualStudioVersion = 17.3.32825.248
MinimumVisualStudioVersion = 10.0.40219.1
Project("{FAE04EC0-301F-11D3-BF4B-00C04F79EFBC}") = "B_ListBox", "B_ListBox\B_ListBox.csproj", "{C7F44961-26DC-40FB-90C8-1DDECB78022A}"
EndProject
Project("{FAE04EC0-301F-11D3-BF4B-00C04F79EFBC}") = "B_Timer", "B_Timer\B_Timer.csproj", "{886B4889-2CF3-4B79-96FC-7926CC5F63FA}"
EndProject
Project("{FAE04EC0-301F-11D3-BF4B-00C04F79EFBC}") = "B_Progress", "B_Progress\B_Progress.csproj", "{1C6F62D9-00B9-45BF-A2E2-0C38CFA61CE7}"
EndProject
Global
	GlobalSection(SolutionConfigurationPlatforms) = preSolution
		Debug|Any CPU = Debug|Any CPU
		Release|Any CPU = Release|Any CPU
	EndGlobalSection
	GlobalSection(ProjectConfigurationPlatforms) = postSolution
		{C7F44961-26DC-40FB-90C8-1DDECB78022A}.Debug|Any CPU.ActiveCfg = Debug|Any CPU
		{C7F44961-26DC-40FB-90C8-1DDECB78022A}.Debug|Any CPU.Build.0 = Debug|Any CPU
		{C7F44961-26DC-40FB-90C8-1DDECB78022A}.Release|Any CPU.ActiveCfg = Release|Any CPU
		{C7F44961-26DC-40FB-90C8-1DDECB78022A}.Release|Any CPU.Build.0 = Release|Any CPU
		{886B4889-2CF3-4B79-96FC-7926CC5F63FA}.Debug|Any CPU.ActiveCfg = Debug|Any CPU
		{886B4889-2CF3-4B79-96FC-7926CC5F63FA}.Debug|Any CPU.Build.0 = Debug|Any CPU
		{886B4889-2CF3-4B79-96FC-7926CC5F63FA}.Release|Any CPU.ActiveCfg = Release|Any CPU
		{886B4889-2CF3-4B79-96FC-7926CC5F63FA}.Release|Any CPU.Build.0 = Release|Any CPU
		{1C6F62D9-00B9-45BF-A2E2-0C38CFA61CE7}.Debug|Any CPU.ActiveCfg = Debug|Any CPU
		{1C6F62D9-00B9-45BF-A2E2-0C38CFA61CE7}.Debug|Any CPU.Build.0 = Debug|Any CPU
		{1C6F62D9-00B9-45BF-A2E2-0C38CFA61CE7}.Release|Any CPU.ActiveCfg = Release|Any CPU
		{1C6F62D9-00B9-45BF-A2E2-0C38CFA61CE7}.Release|Any CPU.Build.0 = Release|Any CPU
	EndGlobalSection
	GlobalSection(SolutionProperties) = preSolution
		HideSolutionNode = FALSE
	EndGlobalSection
	GlobalSection(ExtensibilityGlobals) = postSolution
		SolutionGuid = {19F53F2C-6BD8-4078-A17C-0BC8793B40DE}
	EndGlobalSection
EndGlobal
