
Microsoft Visual Studio Solution File, Format Version 12.00
# Visual Studio Version 16
VisualStudioVersion = 16.0.30907.101
MinimumVisualStudioVersion = 10.0.40219.1
Project("{FAE04EC0-301F-11D3-BF4B-00C04F79EFBC}") = "project_1", "project_1\project_1.csproj", "{76B98363-C9F9-411C-8540-BAAA66FA5659}"
EndProject
Project("{FAE04EC0-301F-11D3-BF4B-00C04F79EFBC}") = "project_2", "project_2\project_2.csproj", "{5BD2BED9-E7BE-4E2D-9BBD-5CA5329C30F7}"
EndProject
Project("{FAE04EC0-301F-11D3-BF4B-00C04F79EFBC}") = "project_3", "project_3\project_3.csproj", "{94E2B38F-934E-4C7E-AC92-DB0712D63892}"
EndProject
Project("{FAE04EC0-301F-11D3-BF4B-00C04F79EFBC}") = "project_4", "project_4\project_4.csproj", "{7373880C-072C-4383-9C96-0742E4F48FE5}"
EndProject
Project("{FAE04EC0-301F-11D3-BF4B-00C04F79EFBC}") = "project_5", "project_5\project_5.csproj", "{4C723E0C-B353-4681-A156-1A53A39D6041}"
EndProject
Global
	GlobalSection(SolutionConfigurationPlatforms) = preSolution
		Debug|Any CPU = Debug|Any CPU
		Release|Any CPU = Release|Any CPU
	EndGlobalSection
	GlobalSection(ProjectConfigurationPlatforms) = postSolution
		{76B98363-C9F9-411C-8540-BAAA66FA5659}.Debug|Any CPU.ActiveCfg = Debug|Any CPU
		{76B98363-C9F9-411C-8540-BAAA66FA5659}.Debug|Any CPU.Build.0 = Debug|Any CPU
		{76B98363-C9F9-411C-8540-BAAA66FA5659}.Release|Any CPU.ActiveCfg = Release|Any CPU
		{76B98363-C9F9-411C-8540-BAAA66FA5659}.Release|Any CPU.Build.0 = Release|Any CPU
		{5BD2BED9-E7BE-4E2D-9BBD-5CA5329C30F7}.Debug|Any CPU.ActiveCfg = Debug|Any CPU
		{5BD2BED9-E7BE-4E2D-9BBD-5CA5329C30F7}.Debug|Any CPU.Build.0 = Debug|Any CPU
		{5BD2BED9-E7BE-4E2D-9BBD-5CA5329C30F7}.Release|Any CPU.ActiveCfg = Release|Any CPU
		{5BD2BED9-E7BE-4E2D-9BBD-5CA5329C30F7}.Release|Any CPU.Build.0 = Release|Any CPU
		{94E2B38F-934E-4C7E-AC92-DB0712D63892}.Debug|Any CPU.ActiveCfg = Debug|Any CPU
		{94E2B38F-934E-4C7E-AC92-DB0712D63892}.Debug|Any CPU.Build.0 = Debug|Any CPU
		{94E2B38F-934E-4C7E-AC92-DB0712D63892}.Release|Any CPU.ActiveCfg = Release|Any CPU
		{94E2B38F-934E-4C7E-AC92-DB0712D63892}.Release|Any CPU.Build.0 = Release|Any CPU
		{7373880C-072C-4383-9C96-0742E4F48FE5}.Debug|Any CPU.ActiveCfg = Debug|Any CPU
		{7373880C-072C-4383-9C96-0742E4F48FE5}.Debug|Any CPU.Build.0 = Debug|Any CPU
		{7373880C-072C-4383-9C96-0742E4F48FE5}.Release|Any CPU.ActiveCfg = Release|Any CPU
		{7373880C-072C-4383-9C96-0742E4F48FE5}.Release|Any CPU.Build.0 = Release|Any CPU
		{4C723E0C-B353-4681-A156-1A53A39D6041}.Debug|Any CPU.ActiveCfg = Debug|Any CPU
		{4C723E0C-B353-4681-A156-1A53A39D6041}.Debug|Any CPU.Build.0 = Debug|Any CPU
		{4C723E0C-B353-4681-A156-1A53A39D6041}.Release|Any CPU.ActiveCfg = Release|Any CPU
		{4C723E0C-B353-4681-A156-1A53A39D6041}.Release|Any CPU.Build.0 = Release|Any CPU
	EndGlobalSection
	GlobalSection(SolutionProperties) = preSolution
		HideSolutionNode = FALSE
	EndGlobalSection
	GlobalSection(ExtensibilityGlobals) = postSolution
		SolutionGuid = {0EF4F8A0-8D6A-4D11-A978-E720C31BBB0D}
	EndGlobalSection
EndGlobal
