
Microsoft Visual Studio Solution File, Format Version 12.00
# Visual Studio Version 16
VisualStudioVersion = 16.0.32126.315
MinimumVisualStudioVersion = 10.0.40219.1
Project("{9A19103F-16F7-4668-BE54-9A1E7A4F7556}") = "project_1", "project_1\project_1.csproj", "{0DCD9327-BA88-4449-A645-AD2292049DAD}"
EndProject
Project("{9A19103F-16F7-4668-BE54-9A1E7A4F7556}") = "project_2", "project_2\project_2.csproj", "{C44DD8A0-2DFE-49AD-A830-0B4A6C079FC8}"
EndProject
Project("{9A19103F-16F7-4668-BE54-9A1E7A4F7556}") = "project_3", "project_3\project_3.csproj", "{B4658493-8458-4A69-9FA3-B013D23BA001}"
EndProject
Project("{FAE04EC0-301F-11D3-BF4B-00C04F79EFBC}") = "과제", "과제\과제.csproj", "{76A94909-5CC4-4623-AF6F-6DCF087E34ED}"
EndProject
Global
	GlobalSection(SolutionConfigurationPlatforms) = preSolution
		Debug|Any CPU = Debug|Any CPU
		Release|Any CPU = Release|Any CPU
	EndGlobalSection
	GlobalSection(ProjectConfigurationPlatforms) = postSolution
		{0DCD9327-BA88-4449-A645-AD2292049DAD}.Debug|Any CPU.ActiveCfg = Debug|Any CPU
		{0DCD9327-BA88-4449-A645-AD2292049DAD}.Debug|Any CPU.Build.0 = Debug|Any CPU
		{0DCD9327-BA88-4449-A645-AD2292049DAD}.Release|Any CPU.ActiveCfg = Release|Any CPU
		{0DCD9327-BA88-4449-A645-AD2292049DAD}.Release|Any CPU.Build.0 = Release|Any CPU
		{C44DD8A0-2DFE-49AD-A830-0B4A6C079FC8}.Debug|Any CPU.ActiveCfg = Debug|Any CPU
		{C44DD8A0-2DFE-49AD-A830-0B4A6C079FC8}.Debug|Any CPU.Build.0 = Debug|Any CPU
		{C44DD8A0-2DFE-49AD-A830-0B4A6C079FC8}.Release|Any CPU.ActiveCfg = Release|Any CPU
		{C44DD8A0-2DFE-49AD-A830-0B4A6C079FC8}.Release|Any CPU.Build.0 = Release|Any CPU
		{B4658493-8458-4A69-9FA3-B013D23BA001}.Debug|Any CPU.ActiveCfg = Debug|Any CPU
		{B4658493-8458-4A69-9FA3-B013D23BA001}.Debug|Any CPU.Build.0 = Debug|Any CPU
		{B4658493-8458-4A69-9FA3-B013D23BA001}.Release|Any CPU.ActiveCfg = Release|Any CPU
		{B4658493-8458-4A69-9FA3-B013D23BA001}.Release|Any CPU.Build.0 = Release|Any CPU
		{76A94909-5CC4-4623-AF6F-6DCF087E34ED}.Debug|Any CPU.ActiveCfg = Debug|Any CPU
		{76A94909-5CC4-4623-AF6F-6DCF087E34ED}.Debug|Any CPU.Build.0 = Debug|Any CPU
		{76A94909-5CC4-4623-AF6F-6DCF087E34ED}.Release|Any CPU.ActiveCfg = Release|Any CPU
		{76A94909-5CC4-4623-AF6F-6DCF087E34ED}.Release|Any CPU.Build.0 = Release|Any CPU
	EndGlobalSection
	GlobalSection(SolutionProperties) = preSolution
		HideSolutionNode = FALSE
	EndGlobalSection
	GlobalSection(ExtensibilityGlobals) = postSolution
		SolutionGuid = {14300669-CBAD-45EC-97E3-7D14E767C873}
	EndGlobalSection
EndGlobal
