
Microsoft Visual Studio Solution File, Format Version 12.00
# Visual Studio Version 16
VisualStudioVersion = 16.0.32126.315
MinimumVisualStudioVersion = 10.0.40219.1
Project("{9A19103F-16F7-4668-BE54-9A1E7A4F7556}") = "project_3rd_1", "project_3rd_1\project_3rd_1.csproj", "{B94B1C12-D3A7-43D5-A7B0-734B348F60B6}"
EndProject
Project("{FAE04EC0-301F-11D3-BF4B-00C04F79EFBC}") = "project_3rd_2", "project_3rd_2\project_3rd_2.csproj", "{380CC4B6-FBD0-4E37-AAB2-35D93154AEDA}"
EndProject
Global
	GlobalSection(SolutionConfigurationPlatforms) = preSolution
		Debug|Any CPU = Debug|Any CPU
		Release|Any CPU = Release|Any CPU
	EndGlobalSection
	GlobalSection(ProjectConfigurationPlatforms) = postSolution
		{B94B1C12-D3A7-43D5-A7B0-734B348F60B6}.Debug|Any CPU.ActiveCfg = Debug|Any CPU
		{B94B1C12-D3A7-43D5-A7B0-734B348F60B6}.Debug|Any CPU.Build.0 = Debug|Any CPU
		{B94B1C12-D3A7-43D5-A7B0-734B348F60B6}.Release|Any CPU.ActiveCfg = Release|Any CPU
		{B94B1C12-D3A7-43D5-A7B0-734B348F60B6}.Release|Any CPU.Build.0 = Release|Any CPU
		{380CC4B6-FBD0-4E37-AAB2-35D93154AEDA}.Debug|Any CPU.ActiveCfg = Debug|Any CPU
		{380CC4B6-FBD0-4E37-AAB2-35D93154AEDA}.Debug|Any CPU.Build.0 = Debug|Any CPU
		{380CC4B6-FBD0-4E37-AAB2-35D93154AEDA}.Release|Any CPU.ActiveCfg = Release|Any CPU
		{380CC4B6-FBD0-4E37-AAB2-35D93154AEDA}.Release|Any CPU.Build.0 = Release|Any CPU
	EndGlobalSection
	GlobalSection(SolutionProperties) = preSolution
		HideSolutionNode = FALSE
	EndGlobalSection
	GlobalSection(ExtensibilityGlobals) = postSolution
		SolutionGuid = {61FD591A-A948-40E0-A01A-C8AA97B77196}
	EndGlobalSection
EndGlobal
