
Microsoft Visual Studio Solution File, Format Version 12.00
# Visual Studio Version 17
VisualStudioVersion = 17.2.32630.192
MinimumVisualStudioVersion = 10.0.40219.1
Project("{9A19103F-16F7-4668-BE54-9A1E7A4F7556}") = "B_FontControl", "B_FontControl\B_FontControl.csproj", "{E1A3D6F6-346A-470A-B8D6-5A1673C46DE3}"
EndProject
Project("{FAE04EC0-301F-11D3-BF4B-00C04F79EFBC}") = "B_FormView", "B_FormView\B_FormView.csproj", "{6064F0D9-1DF0-40D9-9F59-5E552E378050}"
EndProject
Global
	GlobalSection(SolutionConfigurationPlatforms) = preSolution
		Debug|Any CPU = Debug|Any CPU
		Release|Any CPU = Release|Any CPU
	EndGlobalSection
	GlobalSection(ProjectConfigurationPlatforms) = postSolution
		{E1A3D6F6-346A-470A-B8D6-5A1673C46DE3}.Debug|Any CPU.ActiveCfg = Debug|Any CPU
		{E1A3D6F6-346A-470A-B8D6-5A1673C46DE3}.Debug|Any CPU.Build.0 = Debug|Any CPU
		{E1A3D6F6-346A-470A-B8D6-5A1673C46DE3}.Release|Any CPU.ActiveCfg = Release|Any CPU
		{E1A3D6F6-346A-470A-B8D6-5A1673C46DE3}.Release|Any CPU.Build.0 = Release|Any CPU
		{6064F0D9-1DF0-40D9-9F59-5E552E378050}.Debug|Any CPU.ActiveCfg = Debug|Any CPU
		{6064F0D9-1DF0-40D9-9F59-5E552E378050}.Debug|Any CPU.Build.0 = Debug|Any CPU
		{6064F0D9-1DF0-40D9-9F59-5E552E378050}.Release|Any CPU.ActiveCfg = Release|Any CPU
		{6064F0D9-1DF0-40D9-9F59-5E552E378050}.Release|Any CPU.Build.0 = Release|Any CPU
	EndGlobalSection
	GlobalSection(SolutionProperties) = preSolution
		HideSolutionNode = FALSE
	EndGlobalSection
	GlobalSection(ExtensibilityGlobals) = postSolution
		SolutionGuid = {6897F4E2-32DD-428D-944C-040D8AD77880}
	EndGlobalSection
EndGlobal
